
Microsoft Visual Studio Solution File, Format Version 12.00
# Visual Studio Version 17
VisualStudioVersion = 17.7.34202.233
MinimumVisualStudioVersion = 10.0.40219.1
Project("{9A19103F-16F7-4668-BE54-9A1E7A4F7556}") = "Airplane.API", "Airplane.API.csproj", "{7B339341-9A7C-4A70-B471-13312150E85B}"
EndProject
Project("{2150E333-8FDC-42A3-9474-1A3956D46DE8}") = "Solution Items", "Solution Items", "{8184B71C-A255-463C-936D-F23AE70D8233}"
	ProjectSection(SolutionItems) = preProject
		.editorconfig = .editorconfig
	EndProjectSection
EndProject
Project("{9A19103F-16F7-4668-BE54-9A1E7A4F7556}") = "Airplane.Application", "..\Airplane.Application\Airplane.Application.csproj", "{DA719179-E09F-4AAC-9E7E-7214F36E4F96}"
EndProject
Project("{9A19103F-16F7-4668-BE54-9A1E7A4F7556}") = "Airplane.Domain", "..\Airplane.Domain\Airplane.Domain.csproj", "{64765931-AE75-4A43-8DE2-EF731AC5DFF3}"
EndProject
Project("{9A19103F-16F7-4668-BE54-9A1E7A4F7556}") = "Airplane.Infrastructure", "..\Airplane.Infrastructure\Airplane.Infrastructure.csproj", "{7BE96476-CBF5-4B5A-94FD-CF6C8788DB82}"
EndProject
Project("{2150E333-8FDC-42A3-9474-1A3956D46DE8}") = "src", "src", "{F6DF7ED4-A984-4C50-BFD5-3BD806B1CC96}"
EndProject
Project("{2150E333-8FDC-42A3-9474-1A3956D46DE8}") = "tests", "tests", "{1CAA314A-FFE7-44EC-8A02-DC5AA86C6465}"
EndProject
Project("{FAE04EC0-301F-11D3-BF4B-00C04F79EFBC}") = "Airplane.Tests", "..\Airplane.Tests\Airplane.Tests.csproj", "{CB4F94BB-39B4-4768-B630-9D8313F3D475}"
EndProject
Global
	GlobalSection(SolutionConfigurationPlatforms) = preSolution
		Debug|Any CPU = Debug|Any CPU
		Release|Any CPU = Release|Any CPU
	EndGlobalSection
	GlobalSection(ProjectConfigurationPlatforms) = postSolution
		{7B339341-9A7C-4A70-B471-13312150E85B}.Debug|Any CPU.ActiveCfg = Debug|Any CPU
		{7B339341-9A7C-4A70-B471-13312150E85B}.Debug|Any CPU.Build.0 = Debug|Any CPU
		{7B339341-9A7C-4A70-B471-13312150E85B}.Release|Any CPU.ActiveCfg = Release|Any CPU
		{7B339341-9A7C-4A70-B471-13312150E85B}.Release|Any CPU.Build.0 = Release|Any CPU
		{DA719179-E09F-4AAC-9E7E-7214F36E4F96}.Debug|Any CPU.ActiveCfg = Debug|Any CPU
		{DA719179-E09F-4AAC-9E7E-7214F36E4F96}.Debug|Any CPU.Build.0 = Debug|Any CPU
		{DA719179-E09F-4AAC-9E7E-7214F36E4F96}.Release|Any CPU.ActiveCfg = Release|Any CPU
		{DA719179-E09F-4AAC-9E7E-7214F36E4F96}.Release|Any CPU.Build.0 = Release|Any CPU
		{64765931-AE75-4A43-8DE2-EF731AC5DFF3}.Debug|Any CPU.ActiveCfg = Debug|Any CPU
		{64765931-AE75-4A43-8DE2-EF731AC5DFF3}.Debug|Any CPU.Build.0 = Debug|Any CPU
		{64765931-AE75-4A43-8DE2-EF731AC5DFF3}.Release|Any CPU.ActiveCfg = Release|Any CPU
		{64765931-AE75-4A43-8DE2-EF731AC5DFF3}.Release|Any CPU.Build.0 = Release|Any CPU
		{7BE96476-CBF5-4B5A-94FD-CF6C8788DB82}.Debug|Any CPU.ActiveCfg = Debug|Any CPU
		{7BE96476-CBF5-4B5A-94FD-CF6C8788DB82}.Debug|Any CPU.Build.0 = Debug|Any CPU
		{7BE96476-CBF5-4B5A-94FD-CF6C8788DB82}.Release|Any CPU.ActiveCfg = Release|Any CPU
		{7BE96476-CBF5-4B5A-94FD-CF6C8788DB82}.Release|Any CPU.Build.0 = Release|Any CPU
		{CB4F94BB-39B4-4768-B630-9D8313F3D475}.Debug|Any CPU.ActiveCfg = Debug|Any CPU
		{CB4F94BB-39B4-4768-B630-9D8313F3D475}.Debug|Any CPU.Build.0 = Debug|Any CPU
		{CB4F94BB-39B4-4768-B630-9D8313F3D475}.Release|Any CPU.ActiveCfg = Release|Any CPU
		{CB4F94BB-39B4-4768-B630-9D8313F3D475}.Release|Any CPU.Build.0 = Release|Any CPU
	EndGlobalSection
	GlobalSection(SolutionProperties) = preSolution
		HideSolutionNode = FALSE
	EndGlobalSection
	GlobalSection(NestedProjects) = preSolution
		{7B339341-9A7C-4A70-B471-13312150E85B} = {F6DF7ED4-A984-4C50-BFD5-3BD806B1CC96}
		{DA719179-E09F-4AAC-9E7E-7214F36E4F96} = {F6DF7ED4-A984-4C50-BFD5-3BD806B1CC96}
		{64765931-AE75-4A43-8DE2-EF731AC5DFF3} = {F6DF7ED4-A984-4C50-BFD5-3BD806B1CC96}
		{7BE96476-CBF5-4B5A-94FD-CF6C8788DB82} = {F6DF7ED4-A984-4C50-BFD5-3BD806B1CC96}
		{CB4F94BB-39B4-4768-B630-9D8313F3D475} = {1CAA314A-FFE7-44EC-8A02-DC5AA86C6465}
	EndGlobalSection
	GlobalSection(ExtensibilityGlobals) = postSolution
		SolutionGuid = {7B565C1F-9089-4527-AC0B-F9CB2758841F}
	EndGlobalSection
EndGlobal
